{
  "name": "Stackoverflow-clone",
  "lockfileVersion": 3,
  "requires": true,
  "packages": {
    "": {
      "dependencies": {
        "cons": "^0.0.2"
      }
    },
    "node_modules/cons": {
      "version": "0.0.2",
      "resolved": "https://registry.npmjs.org/cons/-/cons-0.0.2.tgz",
      "integrity": "sha512-+LqLiVnffqRFfFrpX+CjQD0446PASWALqdbGpQ5DpMzAkGmBnWh1yXmHBDdV8kr09lu46JxFAkbaagV+yNofgA=="
    }
  }
}
